
Microsoft Visual Studio Solution File, Format Version 12.00
# Visual Studio Version 17
VisualStudioVersion = 17.2.32516.85
MinimumVisualStudioVersion = 10.0.40219.1
Project("{8BC9CEB8-8B4A-11D0-8D11-00A0C91BC942}") = "Program 20 - Simple Text Battle", "Program 20 - Simple Text Battle\Program 20 - Simple Text Battle.vcxproj", "{3A4BC442-4070-481A-AA95-9420BFBFC5D9}"
EndProject
Global
	GlobalSection(SolutionConfigurationPlatforms) = preSolution
		Debug|x64 = Debug|x64
		Debug|x86 = Debug|x86
		Release|x64 = Release|x64
		Release|x86 = Release|x86
	EndGlobalSection
	GlobalSection(ProjectConfigurationPlatforms) = postSolution
		{3A4BC442-4070-481A-AA95-9420BFBFC5D9}.Debug|x64.ActiveCfg = Debug|x64
		{3A4BC442-4070-481A-AA95-9420BFBFC5D9}.Debug|x64.Build.0 = Debug|x64
		{3A4BC442-4070-481A-AA95-9420BFBFC5D9}.Debug|x86.ActiveCfg = Debug|Win32
		{3A4BC442-4070-481A-AA95-9420BFBFC5D9}.Debug|x86.Build.0 = Debug|Win32
		{3A4BC442-4070-481A-AA95-9420BFBFC5D9}.Release|x64.ActiveCfg = Release|x64
		{3A4BC442-4070-481A-AA95-9420BFBFC5D9}.Release|x64.Build.0 = Release|x64
		{3A4BC442-4070-481A-AA95-9420BFBFC5D9}.Release|x86.ActiveCfg = Release|Win32
		{3A4BC442-4070-481A-AA95-9420BFBFC5D9}.Release|x86.Build.0 = Release|Win32
	EndGlobalSection
	GlobalSection(SolutionProperties) = preSolution
		HideSolutionNode = FALSE
	EndGlobalSection
	GlobalSection(ExtensibilityGlobals) = postSolution
		SolutionGuid = {45FB780C-6D25-4721-9A63-CE7B35D4B41B}
	EndGlobalSection
EndGlobal
